<?xml version="1.0" encoding="utf-8"?>
<Project ToolsVersion="4.0" xmlns="http://schemas.microsoft.com/developer/msbuild/2003">
  <ItemGroup>
    <Filter Include="Source Files">
      <UniqueIdentifier>{4FC737F1-C7A5-4376-A066-2A32D752A2FF}</UniqueIdentifier>
      <Extensions>cpp;c;cc;cxx;def;odl;idl;hpj;bat;asm;asmx</Extensions>
    </Filter>
    <Filter Include="Header Files">
      <UniqueIdentifier>{93995380-89BD-4b04-88EB-625FBE52EBFB}</UniqueIdentifier>
      <Extensions>h;hh;hpp;hxx;hm;inl;inc;xsd</Extensions>
    </Filter>
    <Filter Include="Resource Files">
      <UniqueIdentifier>{67DA6AB6-F800-4c08-8B7A-83BB121AAD01}</UniqueIdentifier>
      <Extensions>rc;ico;cur;bmp;dlg;rc2;rct;bin;rgs;gif;jpg;jpeg;jpe;resx;tiff;tif;png;wav;mfcribbon-ms</Extensions>
    </Filter>
    <Filter Include="Extern">
      <UniqueIdentifier>{366e6117-492b-42a4-83ed-6efb62be29a6}</UniqueIdentifier>
    </Filter>
    <Filter Include="Friend">
      <UniqueIdentifier>{8f6cd120-88b1-4575-b038-525842d65d6f}</UniqueIdentifier>
    </Filter>
    <Filter Include="Inheritance">
      <UniqueIdentifier>{1918ed51-08de-4d76-b6c5-3a04cb480393}</UniqueIdentifier>
    </Filter>
  </ItemGroup>
  <ItemGroup>
    <ClInclude Include="stdafx.h">
      <Filter>Header Files</Filter>
    </ClInclude>
    <ClInclude Include="targetver.h">
      <Filter>Header Files</Filter>
    </ClInclude>
    <ClInclude Include="CBoy.h">
      <Filter>Friend</Filter>
    </ClInclude>
    <ClInclude Include="CGirl.h">
      <Filter>Friend</Filter>
    </ClInclude>
  </ItemGroup>
  <ItemGroup>
    <ClCompile Include="stdafx.cpp">
      <Filter>Source Files</Filter>
    </ClCompile>
    <ClCompile Include="test.cpp">
      <Filter>Extern</Filter>
    </ClCompile>
    <ClCompile Include="Day01_01.cpp">
      <Filter>Extern</Filter>
    </ClCompile>
    <ClCompile Include="CBoy.cpp">
      <Filter>Friend</Filter>
    </ClCompile>
    <ClCompile Include="CGirl.cpp">
      <Filter>Friend</Filter>
    </ClCompile>
    <ClCompile Include="Day02_02.cpp">
      <Filter>Inheritance</Filter>
    </ClCompile>
    <ClCompile Include="Day02_03.cpp">
      <Filter>Inheritance</Filter>
    </ClCompile>
    <ClCompile Include="Day01_04.cpp">
      <Filter>Inheritance</Filter>
    </ClCompile>
  </ItemGroup>
</Project>