
Microsoft Visual Studio Solution File, Format Version 12.00
# Visual Studio 15
VisualStudioVersion = 15.0.27130.2036
MinimumVisualStudioVersion = 10.0.40219.1
Project("{8BC9CEB8-8B4A-11D0-8D11-00A0C91BC942}") = "Day01", "Day01\Day01.vcxproj", "{296AC1C6-0D0D-49F5-8789-F0FAFF314822}"
EndProject
Project("{8BC9CEB8-8B4A-11D0-8D11-00A0C91BC942}") = "Day02", "Day02\Day02.vcxproj", "{8663711D-52F2-41A9-BE6D-B4F7E3722039}"
EndProject
Project("{8BC9CEB8-8B4A-11D0-8D11-00A0C91BC942}") = "Day03", "Day03\Day03.vcxproj", "{2CAF645E-E22D-4A61-AFD3-FAD37F9BF4C4}"
EndProject
Project("{8BC9CEB8-8B4A-11D0-8D11-00A0C91BC942}") = "Day04", "Day04\Day04.vcxproj", "{74E766E5-6199-42DC-99F4-6FA1ECF76E19}"
EndProject
Project("{8BC9CEB8-8B4A-11D0-8D11-00A0C91BC942}") = "Day05", "Day05\Day05.vcxproj", "{17535A0E-F0A1-4345-8F1E-5E7C15A99176}"
EndProject
Global
	GlobalSection(SolutionConfigurationPlatforms) = preSolution
		Debug|x64 = Debug|x64
		Debug|x86 = Debug|x86
		Release|x64 = Release|x64
		Release|x86 = Release|x86
	EndGlobalSection
	GlobalSection(ProjectConfigurationPlatforms) = postSolution
		{296AC1C6-0D0D-49F5-8789-F0FAFF314822}.Debug|x64.ActiveCfg = Debug|x64
		{296AC1C6-0D0D-49F5-8789-F0FAFF314822}.Debug|x64.Build.0 = Debug|x64
		{296AC1C6-0D0D-49F5-8789-F0FAFF314822}.Debug|x86.ActiveCfg = Debug|Win32
		{296AC1C6-0D0D-49F5-8789-F0FAFF314822}.Debug|x86.Build.0 = Debug|Win32
		{296AC1C6-0D0D-49F5-8789-F0FAFF314822}.Release|x64.ActiveCfg = Release|x64
		{296AC1C6-0D0D-49F5-8789-F0FAFF314822}.Release|x64.Build.0 = Release|x64
		{296AC1C6-0D0D-49F5-8789-F0FAFF314822}.Release|x86.ActiveCfg = Release|Win32
		{296AC1C6-0D0D-49F5-8789-F0FAFF314822}.Release|x86.Build.0 = Release|Win32
		{8663711D-52F2-41A9-BE6D-B4F7E3722039}.Debug|x64.ActiveCfg = Debug|x64
		{8663711D-52F2-41A9-BE6D-B4F7E3722039}.Debug|x64.Build.0 = Debug|x64
		{8663711D-52F2-41A9-BE6D-B4F7E3722039}.Debug|x86.ActiveCfg = Debug|Win32
		{8663711D-52F2-41A9-BE6D-B4F7E3722039}.Debug|x86.Build.0 = Debug|Win32
		{8663711D-52F2-41A9-BE6D-B4F7E3722039}.Release|x64.ActiveCfg = Release|x64
		{8663711D-52F2-41A9-BE6D-B4F7E3722039}.Release|x64.Build.0 = Release|x64
		{8663711D-52F2-41A9-BE6D-B4F7E3722039}.Release|x86.ActiveCfg = Release|Win32
		{8663711D-52F2-41A9-BE6D-B4F7E3722039}.Release|x86.Build.0 = Release|Win32
		{2CAF645E-E22D-4A61-AFD3-FAD37F9BF4C4}.Debug|x64.ActiveCfg = Debug|x64
		{2CAF645E-E22D-4A61-AFD3-FAD37F9BF4C4}.Debug|x64.Build.0 = Debug|x64
		{2CAF645E-E22D-4A61-AFD3-FAD37F9BF4C4}.Debug|x86.ActiveCfg = Debug|Win32
		{2CAF645E-E22D-4A61-AFD3-FAD37F9BF4C4}.Debug|x86.Build.0 = Debug|Win32
		{2CAF645E-E22D-4A61-AFD3-FAD37F9BF4C4}.Release|x64.ActiveCfg = Release|x64
		{2CAF645E-E22D-4A61-AFD3-FAD37F9BF4C4}.Release|x64.Build.0 = Release|x64
		{2CAF645E-E22D-4A61-AFD3-FAD37F9BF4C4}.Release|x86.ActiveCfg = Release|Win32
		{2CAF645E-E22D-4A61-AFD3-FAD37F9BF4C4}.Release|x86.Build.0 = Release|Win32
		{74E766E5-6199-42DC-99F4-6FA1ECF76E19}.Debug|x64.ActiveCfg = Debug|x64
		{74E766E5-6199-42DC-99F4-6FA1ECF76E19}.Debug|x64.Build.0 = Debug|x64
		{74E766E5-6199-42DC-99F4-6FA1ECF76E19}.Debug|x86.ActiveCfg = Debug|Win32
		{74E766E5-6199-42DC-99F4-6FA1ECF76E19}.Debug|x86.Build.0 = Debug|Win32
		{74E766E5-6199-42DC-99F4-6FA1ECF76E19}.Release|x64.ActiveCfg = Release|x64
		{74E766E5-6199-42DC-99F4-6FA1ECF76E19}.Release|x64.Build.0 = Release|x64
		{74E766E5-6199-42DC-99F4-6FA1ECF76E19}.Release|x86.ActiveCfg = Release|Win32
		{74E766E5-6199-42DC-99F4-6FA1ECF76E19}.Release|x86.Build.0 = Release|Win32
		{17535A0E-F0A1-4345-8F1E-5E7C15A99176}.Debug|x64.ActiveCfg = Debug|x64
		{17535A0E-F0A1-4345-8F1E-5E7C15A99176}.Debug|x64.Build.0 = Debug|x64
		{17535A0E-F0A1-4345-8F1E-5E7C15A99176}.Debug|x86.ActiveCfg = Debug|Win32
		{17535A0E-F0A1-4345-8F1E-5E7C15A99176}.Debug|x86.Build.0 = Debug|Win32
		{17535A0E-F0A1-4345-8F1E-5E7C15A99176}.Release|x64.ActiveCfg = Release|x64
		{17535A0E-F0A1-4345-8F1E-5E7C15A99176}.Release|x64.Build.0 = Release|x64
		{17535A0E-F0A1-4345-8F1E-5E7C15A99176}.Release|x86.ActiveCfg = Release|Win32
		{17535A0E-F0A1-4345-8F1E-5E7C15A99176}.Release|x86.Build.0 = Release|Win32
	EndGlobalSection
	GlobalSection(SolutionProperties) = preSolution
		HideSolutionNode = FALSE
	EndGlobalSection
	GlobalSection(ExtensibilityGlobals) = postSolution
		SolutionGuid = {27DC8DC5-E919-483A-8710-1C646FDD2D37}
	EndGlobalSection
EndGlobal
